
Microsoft Visual Studio Solution File, Format Version 12.00
# Visual Studio Version 17
VisualStudioVersion = 17.5.33516.290
MinimumVisualStudioVersion = 10.0.40219.1
Project("{9A19103F-16F7-4668-BE54-9A1E7A4F7556}") = "Net14OnlineConsole", "Net14OnlineConsole\Net14OnlineConsole.csproj", "{C0C99044-C200-4F0E-8885-6AF4B2984619}"
EndProject
Project("{9A19103F-16F7-4668-BE54-9A1E7A4F7556}") = "Maze", "Maze\Maze.csproj", "{513A13CF-F0C7-4BD6-8A2F-29BEA6182095}"
EndProject
Project("{9A19103F-16F7-4668-BE54-9A1E7A4F7556}") = "Maze.Tests", "Maze.Tests\Maze.Tests.csproj", "{D6C5894A-04E4-4B58-B3B4-04AEE7E8C7C7}"
EndProject
Project("{9A19103F-16F7-4668-BE54-9A1E7A4F7556}") = "Net14Web", "Net14Web\Net14Web.csproj", "{1A73ADF9-D534-4AAB-BBAD-80AA672B9981}"
EndProject
Project("{9A19103F-16F7-4668-BE54-9A1E7A4F7556}") = "ManagementCompany", "ManagementCompany\ManagementCompany.csproj", "{3962B9F7-2E19-4BA2-9201-7AE4DEC9F5DD}"
EndProject
Project("{FAE04EC0-301F-11D3-BF4B-00C04F79EFBC}") = "RealEstateNet14Web", "RealEstateNet14Web\RealEstateNet14Web\RealEstateNet14Web.csproj", "{816EA783-BDCB-44CD-8FB9-FF87292E46E6}"
EndProject
Project("{9A19103F-16F7-4668-BE54-9A1E7A4F7556}") = "ChatMiniService", "ChatMiniService\ChatMiniService.csproj", "{CEF9E7E1-07D2-4021-A782-E6B68D07C4DD}"
EndProject
Project("{FAE04EC0-301F-11D3-BF4B-00C04F79EFBC}") = "MoviesMicroService", "MoviesService\MoviesMicroService.csproj", "{EE74A390-FBF5-4501-9B55-EADC2C21A9D4}"
EndProject
Project("{FAE04EC0-301F-11D3-BF4B-00C04F79EFBC}") = "GameCommentsService", "GameCommentsService\GameCommentsService.csproj", "{EB86C9C7-2067-424B-A70E-4D2BEB972C84}"
Project("{9A19103F-16F7-4668-BE54-9A1E7A4F7556}") = "GameCommentsService", "GameCommentsService\GameCommentsService.csproj", "{EB86C9C7-2067-424B-A70E-4D2BEB972C84}"
EndProject
Project("{FAE04EC0-301F-11D3-BF4B-00C04F79EFBC}") = "Net14Web.E2ETests", "Net14Web.E2ETests\Net14Web.E2ETests.csproj", "{B3FD356A-8048-4564-AA9A-338592605F58}"
EndProject
Global
	GlobalSection(SolutionConfigurationPlatforms) = preSolution
		Debug|Any CPU = Debug|Any CPU
		Release|Any CPU = Release|Any CPU
	EndGlobalSection
	GlobalSection(ProjectConfigurationPlatforms) = postSolution
		{C0C99044-C200-4F0E-8885-6AF4B2984619}.Debug|Any CPU.ActiveCfg = Debug|Any CPU
		{C0C99044-C200-4F0E-8885-6AF4B2984619}.Debug|Any CPU.Build.0 = Debug|Any CPU
		{C0C99044-C200-4F0E-8885-6AF4B2984619}.Release|Any CPU.ActiveCfg = Release|Any CPU
		{C0C99044-C200-4F0E-8885-6AF4B2984619}.Release|Any CPU.Build.0 = Release|Any CPU
		{513A13CF-F0C7-4BD6-8A2F-29BEA6182095}.Debug|Any CPU.ActiveCfg = Debug|Any CPU
		{513A13CF-F0C7-4BD6-8A2F-29BEA6182095}.Debug|Any CPU.Build.0 = Debug|Any CPU
		{513A13CF-F0C7-4BD6-8A2F-29BEA6182095}.Release|Any CPU.ActiveCfg = Release|Any CPU
		{513A13CF-F0C7-4BD6-8A2F-29BEA6182095}.Release|Any CPU.Build.0 = Release|Any CPU
		{D6C5894A-04E4-4B58-B3B4-04AEE7E8C7C7}.Debug|Any CPU.ActiveCfg = Debug|Any CPU
		{D6C5894A-04E4-4B58-B3B4-04AEE7E8C7C7}.Debug|Any CPU.Build.0 = Debug|Any CPU
		{D6C5894A-04E4-4B58-B3B4-04AEE7E8C7C7}.Release|Any CPU.ActiveCfg = Release|Any CPU
		{D6C5894A-04E4-4B58-B3B4-04AEE7E8C7C7}.Release|Any CPU.Build.0 = Release|Any CPU
		{1A73ADF9-D534-4AAB-BBAD-80AA672B9981}.Debug|Any CPU.ActiveCfg = Debug|Any CPU
		{1A73ADF9-D534-4AAB-BBAD-80AA672B9981}.Debug|Any CPU.Build.0 = Debug|Any CPU
		{1A73ADF9-D534-4AAB-BBAD-80AA672B9981}.Release|Any CPU.ActiveCfg = Release|Any CPU
		{1A73ADF9-D534-4AAB-BBAD-80AA672B9981}.Release|Any CPU.Build.0 = Release|Any CPU
		{3962B9F7-2E19-4BA2-9201-7AE4DEC9F5DD}.Debug|Any CPU.ActiveCfg = Debug|Any CPU
		{3962B9F7-2E19-4BA2-9201-7AE4DEC9F5DD}.Debug|Any CPU.Build.0 = Debug|Any CPU
		{3962B9F7-2E19-4BA2-9201-7AE4DEC9F5DD}.Release|Any CPU.ActiveCfg = Release|Any CPU
		{3962B9F7-2E19-4BA2-9201-7AE4DEC9F5DD}.Release|Any CPU.Build.0 = Release|Any CPU
		{816EA783-BDCB-44CD-8FB9-FF87292E46E6}.Debug|Any CPU.ActiveCfg = Debug|Any CPU
		{816EA783-BDCB-44CD-8FB9-FF87292E46E6}.Debug|Any CPU.Build.0 = Debug|Any CPU
		{816EA783-BDCB-44CD-8FB9-FF87292E46E6}.Release|Any CPU.ActiveCfg = Release|Any CPU
		{816EA783-BDCB-44CD-8FB9-FF87292E46E6}.Release|Any CPU.Build.0 = Release|Any CPU
		{CEF9E7E1-07D2-4021-A782-E6B68D07C4DD}.Debug|Any CPU.ActiveCfg = Debug|Any CPU
		{CEF9E7E1-07D2-4021-A782-E6B68D07C4DD}.Debug|Any CPU.Build.0 = Debug|Any CPU
		{CEF9E7E1-07D2-4021-A782-E6B68D07C4DD}.Release|Any CPU.ActiveCfg = Release|Any CPU
		{CEF9E7E1-07D2-4021-A782-E6B68D07C4DD}.Release|Any CPU.Build.0 = Release|Any CPU
		{EE74A390-FBF5-4501-9B55-EADC2C21A9D4}.Debug|Any CPU.ActiveCfg = Debug|Any CPU
		{EE74A390-FBF5-4501-9B55-EADC2C21A9D4}.Debug|Any CPU.Build.0 = Debug|Any CPU
		{EE74A390-FBF5-4501-9B55-EADC2C21A9D4}.Release|Any CPU.ActiveCfg = Release|Any CPU
		{EE74A390-FBF5-4501-9B55-EADC2C21A9D4}.Release|Any CPU.Build.0 = Release|Any CPU
		{EB86C9C7-2067-424B-A70E-4D2BEB972C84}.Debug|Any CPU.ActiveCfg = Debug|Any CPU
		{EB86C9C7-2067-424B-A70E-4D2BEB972C84}.Debug|Any CPU.Build.0 = Debug|Any CPU
		{EB86C9C7-2067-424B-A70E-4D2BEB972C84}.Release|Any CPU.ActiveCfg = Release|Any CPU
		{EB86C9C7-2067-424B-A70E-4D2BEB972C84}.Release|Any CPU.Build.0 = Release|Any CPU
		{B3FD356A-8048-4564-AA9A-338592605F58}.Debug|Any CPU.ActiveCfg = Debug|Any CPU
		{B3FD356A-8048-4564-AA9A-338592605F58}.Debug|Any CPU.Build.0 = Debug|Any CPU
		{B3FD356A-8048-4564-AA9A-338592605F58}.Release|Any CPU.ActiveCfg = Release|Any CPU
		{B3FD356A-8048-4564-AA9A-338592605F58}.Release|Any CPU.Build.0 = Release|Any CPU
	EndGlobalSection
	GlobalSection(SolutionProperties) = preSolution
		HideSolutionNode = FALSE
	EndGlobalSection
	GlobalSection(ExtensibilityGlobals) = postSolution
		SolutionGuid = {0B3C9945-8E38-4EC4-8375-C676A172BC9C}
	EndGlobalSection
EndGlobal
