
Microsoft Visual Studio Solution File, Format Version 12.00
# Visual Studio Version 17
VisualStudioVersion = 17.5.33516.290
MinimumVisualStudioVersion = 10.0.40219.1
Project("{9A19103F-16F7-4668-BE54-9A1E7A4F7556}") = "Maze", "Maze\Maze.csproj", "{513A13CF-F0C7-4BD6-8A2F-29BEA6182095}"
EndProject
Global
	GlobalSection(SolutionConfigurationPlatforms) = preSolution
		Debug|Any CPU = Debug|Any CPU
		Release|Any CPU = Release|Any CPU
	EndGlobalSection
	GlobalSection(ProjectConfigurationPlatforms) = postSolution
		{513A13CF-F0C7-4BD6-8A2F-29BEA6182095}.Debug|Any CPU.ActiveCfg = Debug|Any CPU
		{513A13CF-F0C7-4BD6-8A2F-29BEA6182095}.Debug|Any CPU.Build.0 = Debug|Any CPU
		{513A13CF-F0C7-4BD6-8A2F-29BEA6182095}.Release|Any CPU.ActiveCfg = Release|Any CPU
		{513A13CF-F0C7-4BD6-8A2F-29BEA6182095}.Release|Any CPU.Build.0 = Release|Any CPU
	EndGlobalSection
	GlobalSection(SolutionProperties) = preSolution
		HideSolutionNode = FALSE
	EndGlobalSection
	GlobalSection(ExtensibilityGlobals) = postSolution
		SolutionGuid = {0B3C9945-8E38-4EC4-8375-C676A172BC9C}
	EndGlobalSection
EndGlobal
